// !$*UTF8*$!
{
	archiveVersion = 1;
	classes = {
	};
	objectVersion = 55;
	objects = {

/* Begin PBXBuildFile section */
		3A219D1C2809D24F00CAFD6E /* WS_WordsFactoryApp.swift in Sources */ = {isa = PBXBuildFile; fileRef = 3A219D1B2809D24F00CAFD6E /* WS_WordsFactoryApp.swift */; };
		3A219D1E2809D24F00CAFD6E /* ContentView.swift in Sources */ = {isa = PBXBuildFile; fileRef = 3A219D1D2809D24F00CAFD6E /* ContentView.swift */; };
		3A219D202809D25000CAFD6E /* Assets.xcassets in Resources */ = {isa = PBXBuildFile; fileRef = 3A219D1F2809D25000CAFD6E /* Assets.xcassets */; };
		3A219D232809D25000CAFD6E /* Preview Assets.xcassets in Resources */ = {isa = PBXBuildFile; fileRef = 3A219D222809D25000CAFD6E /* Preview Assets.xcassets */; };
		3A219D2A2809D2D700CAFD6E /* LaunchScreen.storyboard in Resources */ = {isa = PBXBuildFile; fileRef = 3A219D292809D2D700CAFD6E /* LaunchScreen.storyboard */; };
		3A219D312809D30100CAFD6E /* Rubik-SemiBold.ttf in Resources */ = {isa = PBXBuildFile; fileRef = 3A219D2D2809D30100CAFD6E /* Rubik-SemiBold.ttf */; };
		3A219D322809D30100CAFD6E /* Rubik-Medium.ttf in Resources */ = {isa = PBXBuildFile; fileRef = 3A219D2E2809D30100CAFD6E /* Rubik-Medium.ttf */; };
		3A219D332809D30100CAFD6E /* Rubik-Regular.ttf in Resources */ = {isa = PBXBuildFile; fileRef = 3A219D2F2809D30100CAFD6E /* Rubik-Regular.ttf */; };
		3A219D342809D30100CAFD6E /* Rubik-Bold.ttf in Resources */ = {isa = PBXBuildFile; fileRef = 3A219D302809D30100CAFD6E /* Rubik-Bold.ttf */; };
		3A219D392809DEC900CAFD6E /* CustomIndexView.swift in Sources */ = {isa = PBXBuildFile; fileRef = 3A219D382809DEC900CAFD6E /* CustomIndexView.swift */; };
		3A7CECA5280A9E4200FD4D49 /* SecondPage.swift in Sources */ = {isa = PBXBuildFile; fileRef = 3A7CECA4280A9E4200FD4D49 /* SecondPage.swift */; };
		3A7CECA7280A9E8E00FD4D49 /* ThirdPage.swift in Sources */ = {isa = PBXBuildFile; fileRef = 3A7CECA6280A9E8E00FD4D49 /* ThirdPage.swift */; };
		3A7CECAA280A9FC200FD4D49 /* SignUp.swift in Sources */ = {isa = PBXBuildFile; fileRef = 3A7CECA9280A9FC200FD4D49 /* SignUp.swift */; };
		3A7CECAD280AB62400FD4D49 /* Dictionary.swift in Sources */ = {isa = PBXBuildFile; fileRef = 3A7CECAC280AB62400FD4D49 /* Dictionary.swift */; };
		3AF61B4C2809E53800B5FE91 /* FirstPage.swift in Sources */ = {isa = PBXBuildFile; fileRef = 3AF61B4B2809E53800B5FE91 /* FirstPage.swift */; };
		3BBF6C5B8240734CD3D1D2B6 /* Pods_WS_WordsFactory.framework in Frameworks */ = {isa = PBXBuildFile; fileRef = 193723A2A0363A8D413C0D42 /* Pods_WS_WordsFactory.framework */; };
/* End PBXBuildFile section */

/* Begin PBXFileReference section */
		193723A2A0363A8D413C0D42 /* Pods_WS_WordsFactory.framework */ = {isa = PBXFileReference; explicitFileType = wrapper.framework; includeInIndex = 0; path = Pods_WS_WordsFactory.framework; sourceTree = BUILT_PRODUCTS_DIR; };
		3A219D182809D24F00CAFD6E /* WS-WordsFactory.app */ = {isa = PBXFileReference; explicitFileType = wrapper.application; includeInIndex = 0; path = "WS-WordsFactory.app"; sourceTree = BUILT_PRODUCTS_DIR; };
		3A219D1B2809D24F00CAFD6E /* WS_WordsFactoryApp.swift */ = {isa = PBXFileReference; lastKnownFileType = sourcecode.swift; path = WS_WordsFactoryApp.swift; sourceTree = "<group>"; };
		3A219D1D2809D24F00CAFD6E /* ContentView.swift */ = {isa = PBXFileReference; lastKnownFileType = sourcecode.swift; path = ContentView.swift; sourceTree = "<group>"; };
		3A219D1F2809D25000CAFD6E /* Assets.xcassets */ = {isa = PBXFileReference; lastKnownFileType = folder.assetcatalog; path = Assets.xcassets; sourceTree = "<group>"; };
		3A219D222809D25000CAFD6E /* Preview Assets.xcassets */ = {isa = PBXFileReference; lastKnownFileType = folder.assetcatalog; path = "Preview Assets.xcassets"; sourceTree = "<group>"; };
		3A219D292809D2D700CAFD6E /* LaunchScreen.storyboard */ = {isa = PBXFileReference; lastKnownFileType = file.storyboard; path = LaunchScreen.storyboard; sourceTree = "<group>"; };
		3A219D2B2809D2E800CAFD6E /* Info.plist */ = {isa = PBXFileReference; lastKnownFileType = text.plist; path = Info.plist; sourceTree = "<group>"; };
		3A219D2D2809D30100CAFD6E /* Rubik-SemiBold.ttf */ = {isa = PBXFileReference; lastKnownFileType = file; path = "Rubik-SemiBold.ttf"; sourceTree = "<group>"; };
		3A219D2E2809D30100CAFD6E /* Rubik-Medium.ttf */ = {isa = PBXFileReference; lastKnownFileType = file; path = "Rubik-Medium.ttf"; sourceTree = "<group>"; };
		3A219D2F2809D30100CAFD6E /* Rubik-Regular.ttf */ = {isa = PBXFileReference; lastKnownFileType = file; path = "Rubik-Regular.ttf"; sourceTree = "<group>"; };
		3A219D302809D30100CAFD6E /* Rubik-Bold.ttf */ = {isa = PBXFileReference; lastKnownFileType = file; path = "Rubik-Bold.ttf"; sourceTree = "<group>"; };
		3A219D382809DEC900CAFD6E /* CustomIndexView.swift */ = {isa = PBXFileReference; lastKnownFileType = sourcecode.swift; path = CustomIndexView.swift; sourceTree = "<group>"; };
		3A7CECA4280A9E4200FD4D49 /* SecondPage.swift */ = {isa = PBXFileReference; lastKnownFileType = sourcecode.swift; path = SecondPage.swift; sourceTree = "<group>"; };
		3A7CECA6280A9E8E00FD4D49 /* ThirdPage.swift */ = {isa = PBXFileReference; lastKnownFileType = sourcecode.swift; path = ThirdPage.swift; sourceTree = "<group>"; };
		3A7CECA9280A9FC200FD4D49 /* SignUp.swift */ = {isa = PBXFileReference; lastKnownFileType = sourcecode.swift; path = SignUp.swift; sourceTree = "<group>"; };
		3A7CECAC280AB62400FD4D49 /* Dictionary.swift */ = {isa = PBXFileReference; lastKnownFileType = sourcecode.swift; path = Dictionary.swift; sourceTree = "<group>"; };
		3AF61B4B2809E53800B5FE91 /* FirstPage.swift */ = {isa = PBXFileReference; lastKnownFileType = sourcecode.swift; path = FirstPage.swift; sourceTree = "<group>"; };
		446BA776BCD54E4847D1C6C4 /* Pods-WS-WordsFactory.release.xcconfig */ = {isa = PBXFileReference; includeInIndex = 1; lastKnownFileType = text.xcconfig; name = "Pods-WS-WordsFactory.release.xcconfig"; path = "Target Support Files/Pods-WS-WordsFactory/Pods-WS-WordsFactory.release.xcconfig"; sourceTree = "<group>"; };
		9CC083085BD744DB6C272139 /* Pods-WS-WordsFactory.debug.xcconfig */ = {isa = PBXFileReference; includeInIndex = 1; lastKnownFileType = text.xcconfig; name = "Pods-WS-WordsFactory.debug.xcconfig"; path = "Target Support Files/Pods-WS-WordsFactory/Pods-WS-WordsFactory.debug.xcconfig"; sourceTree = "<group>"; };
/* End PBXFileReference section */

/* Begin PBXFrameworksBuildPhase section */
		3A219D152809D24F00CAFD6E /* Frameworks */ = {
			isa = PBXFrameworksBuildPhase;
			buildActionMask = 2147483647;
			files = (
				3BBF6C5B8240734CD3D1D2B6 /* Pods_WS_WordsFactory.framework in Frameworks */,
			);
			runOnlyForDeploymentPostprocessing = 0;
		};
/* End PBXFrameworksBuildPhase section */

/* Begin PBXGroup section */
		06C27486D336EB71637D1C55 /* Frameworks */ = {
			isa = PBXGroup;
			children = (
				193723A2A0363A8D413C0D42 /* Pods_WS_WordsFactory.framework */,
			);
			name = Frameworks;
			sourceTree = "<group>";
		};
		0FD2056CE5B77839412D36E4 /* Pods */ = {
			isa = PBXGroup;
			children = (
				9CC083085BD744DB6C272139 /* Pods-WS-WordsFactory.debug.xcconfig */,
				446BA776BCD54E4847D1C6C4 /* Pods-WS-WordsFactory.release.xcconfig */,
			);
			path = Pods;
			sourceTree = "<group>";
		};
		3A219D0F2809D24F00CAFD6E = {
			isa = PBXGroup;
			children = (
				3A219D1A2809D24F00CAFD6E /* WS-WordsFactory */,
				3A219D192809D24F00CAFD6E /* Products */,
				0FD2056CE5B77839412D36E4 /* Pods */,
				06C27486D336EB71637D1C55 /* Frameworks */,
			);
			sourceTree = "<group>";
		};
		3A219D192809D24F00CAFD6E /* Products */ = {
			isa = PBXGroup;
			children = (
				3A219D182809D24F00CAFD6E /* WS-WordsFactory.app */,
			);
			name = Products;
			sourceTree = "<group>";
		};
		3A219D1A2809D24F00CAFD6E /* WS-WordsFactory */ = {
			isa = PBXGroup;
			children = (
				3A7CECAB280AB61A00FD4D49 /* Dictionary */,
				3A7CECA8280A9FB900FD4D49 /* SignUp */,
				3A219D352809D78F00CAFD6E /* OnBoard */,
				3A219D2C2809D2F300CAFD6E /* Fonts */,
				3A219D292809D2D700CAFD6E /* LaunchScreen.storyboard */,
				3A219D2B2809D2E800CAFD6E /* Info.plist */,
				3A219D1B2809D24F00CAFD6E /* WS_WordsFactoryApp.swift */,
				3A219D1F2809D25000CAFD6E /* Assets.xcassets */,
				3A219D212809D25000CAFD6E /* Preview Content */,
			);
			path = "WS-WordsFactory";
			sourceTree = "<group>";
		};
		3A219D212809D25000CAFD6E /* Preview Content */ = {
			isa = PBXGroup;
			children = (
				3A219D222809D25000CAFD6E /* Preview Assets.xcassets */,
			);
			path = "Preview Content";
			sourceTree = "<group>";
		};
		3A219D2C2809D2F300CAFD6E /* Fonts */ = {
			isa = PBXGroup;
			children = (
				3A219D302809D30100CAFD6E /* Rubik-Bold.ttf */,
				3A219D2E2809D30100CAFD6E /* Rubik-Medium.ttf */,
				3A219D2F2809D30100CAFD6E /* Rubik-Regular.ttf */,
				3A219D2D2809D30100CAFD6E /* Rubik-SemiBold.ttf */,
			);
			path = Fonts;
			sourceTree = "<group>";
		};
		3A219D352809D78F00CAFD6E /* OnBoard */ = {
			isa = PBXGroup;
			children = (
				3A219D1D2809D24F00CAFD6E /* ContentView.swift */,
				3A219D382809DEC900CAFD6E /* CustomIndexView.swift */,
				3AF61B4B2809E53800B5FE91 /* FirstPage.swift */,
				3A7CECA4280A9E4200FD4D49 /* SecondPage.swift */,
				3A7CECA6280A9E8E00FD4D49 /* ThirdPage.swift */,
			);
			path = OnBoard;
			sourceTree = "<group>";
		};
		3A7CECA8280A9FB900FD4D49 /* SignUp */ = {
			isa = PBXGroup;
			children = (
				3A7CECA9280A9FC200FD4D49 /* SignUp.swift */,
			);
			path = SignUp;
			sourceTree = "<group>";
		};
		3A7CECAB280AB61A00FD4D49 /* Dictionary */ = {
			isa = PBXGroup;
			children = (
				3A7CECAC280AB62400FD4D49 /* Dictionary.swift */,
			);
			path = Dictionary;
			sourceTree = "<group>";
		};
/* End PBXGroup section */

/* Begin PBXNativeTarget section */
		3A219D172809D24F00CAFD6E /* WS-WordsFactory */ = {
			isa = PBXNativeTarget;
			buildConfigurationList = 3A219D262809D25000CAFD6E /* Build configuration list for PBXNativeTarget "WS-WordsFactory" */;
			buildPhases = (
				FFA309D63F3D7FB0C055B364 /* [CP] Check Pods Manifest.lock */,
				3A219D142809D24F00CAFD6E /* Sources */,
				3A219D152809D24F00CAFD6E /* Frameworks */,
				3A219D162809D24F00CAFD6E /* Resources */,
				4F33F82AB77EA2FF3C2E16F1 /* [CP] Embed Pods Frameworks */,
			);
			buildRules = (
			);
			dependencies = (
			);
			name = "WS-WordsFactory";
			productName = "WS-WordsFactory";
			productReference = 3A219D182809D24F00CAFD6E /* WS-WordsFactory.app */;
			productType = "com.apple.product-type.application";
		};
/* End PBXNativeTarget section */

/* Begin PBXProject section */
		3A219D102809D24F00CAFD6E /* Project object */ = {
			isa = PBXProject;
			attributes = {
				BuildIndependentTargetsInParallel = 1;
				LastSwiftUpdateCheck = 1330;
				LastUpgradeCheck = 1330;
				TargetAttributes = {
					3A219D172809D24F00CAFD6E = {
						CreatedOnToolsVersion = 13.3;
					};
				};
			};
			buildConfigurationList = 3A219D132809D24F00CAFD6E /* Build configuration list for PBXProject "WS-WordsFactory" */;
			compatibilityVersion = "Xcode 13.0";
			developmentRegion = en;
			hasScannedForEncodings = 0;
			knownRegions = (
				en,
				Base,
			);
			mainGroup = 3A219D0F2809D24F00CAFD6E;
			productRefGroup = 3A219D192809D24F00CAFD6E /* Products */;
			projectDirPath = "";
			projectRoot = "";
			targets = (
				3A219D172809D24F00CAFD6E /* WS-WordsFactory */,
			);
		};
/* End PBXProject section */

/* Begin PBXResourcesBuildPhase section */
		3A219D162809D24F00CAFD6E /* Resources */ = {
			isa = PBXResourcesBuildPhase;
			buildActionMask = 2147483647;
			files = (
				3A219D2A2809D2D700CAFD6E /* LaunchScreen.storyboard in Resources */,
				3A219D332809D30100CAFD6E /* Rubik-Regular.ttf in Resources */,
				3A219D232809D25000CAFD6E /* Preview Assets.xcassets in Resources */,
				3A219D202809D25000CAFD6E /* Assets.xcassets in Resources */,
				3A219D342809D30100CAFD6E /* Rubik-Bold.ttf in Resources */,
				3A219D312809D30100CAFD6E /* Rubik-SemiBold.ttf in Resources */,
				3A219D322809D30100CAFD6E /* Rubik-Medium.ttf in Resources */,
			);
			runOnlyForDeploymentPostprocessing = 0;
		};
/* End PBXResourcesBuildPhase section */

/* Begin PBXShellScriptBuildPhase section */
		4F33F82AB77EA2FF3C2E16F1 /* [CP] Embed Pods Frameworks */ = {
			isa = PBXShellScriptBuildPhase;
			buildActionMask = 2147483647;
			files = (
			);
			inputFileListPaths = (
				"${PODS_ROOT}/Target Support Files/Pods-WS-WordsFactory/Pods-WS-WordsFactory-frameworks-${CONFIGURATION}-input-files.xcfilelist",
			);
			name = "[CP] Embed Pods Frameworks";
			outputFileListPaths = (
				"${PODS_ROOT}/Target Support Files/Pods-WS-WordsFactory/Pods-WS-WordsFactory-frameworks-${CONFIGURATION}-output-files.xcfilelist",
			);
			runOnlyForDeploymentPostprocessing = 0;
			shellPath = /bin/sh;
			shellScript = "\"${PODS_ROOT}/Target Support Files/Pods-WS-WordsFactory/Pods-WS-WordsFactory-frameworks.sh\"\n";
			showEnvVarsInLog = 0;
		};
		FFA309D63F3D7FB0C055B364 /* [CP] Check Pods Manifest.lock */ = {
			isa = PBXShellScriptBuildPhase;
			buildActionMask = 2147483647;
			files = (
			);
			inputFileListPaths = (
			);
			inputPaths = (
				"${PODS_PODFILE_DIR_PATH}/Podfile.lock",
				"${PODS_ROOT}/Manifest.lock",
			);
			name = "[CP] Check Pods Manifest.lock";
			outputFileListPaths = (
			);
			outputPaths = (
				"$(DERIVED_FILE_DIR)/Pods-WS-WordsFactory-checkManifestLockResult.txt",
			);
			runOnlyForDeploymentPostprocessing = 0;
			shellPath = /bin/sh;
			shellScript = "diff \"${PODS_PODFILE_DIR_PATH}/Podfile.lock\" \"${PODS_ROOT}/Manifest.lock\" > /dev/null\nif [ $? != 0 ] ; then\n    # print error to STDERR\n    echo \"error: The sandbox is not in sync with the Podfile.lock. Run 'pod install' or update your CocoaPods installation.\" >&2\n    exit 1\nfi\n# This output is used by Xcode 'outputs' to avoid re-running this script phase.\necho \"SUCCESS\" > \"${SCRIPT_OUTPUT_FILE_0}\"\n";
			showEnvVarsInLog = 0;
		};
/* End PBXShellScriptBuildPhase section */

/* Begin PBXSourcesBuildPhase section */
		3A219D142809D24F00CAFD6E /* Sources */ = {
			isa = PBXSourcesBuildPhase;
			buildActionMask = 2147483647;
			files = (
				3A7CECAA280A9FC200FD4D49 /* SignUp.swift in Sources */,
				3A7CECAD280AB62400FD4D49 /* Dictionary.swift in Sources */,
				3A219D1E2809D24F00CAFD6E /* ContentView.swift in Sources */,
				3A7CECA5280A9E4200FD4D49 /* SecondPage.swift in Sources */,
				3A7CECA7280A9E8E00FD4D49 /* ThirdPage.swift in Sources */,
				3A219D1C2809D24F00CAFD6E /* WS_WordsFactoryApp.swift in Sources */,
				3A219D392809DEC900CAFD6E /* CustomIndexView.swift in Sources */,
				3AF61B4C2809E53800B5FE91 /* FirstPage.swift in Sources */,
			);
			runOnlyForDeploymentPostprocessing = 0;
		};
/* End PBXSourcesBuildPhase section */

/* Begin XCBuildConfiguration section */
		3A219D242809D25000CAFD6E /* Debug */ = {
			isa = XCBuildConfiguration;
			buildSettings = {
				ALWAYS_SEARCH_USER_PATHS = NO;
				CLANG_ANALYZER_NONNULL = YES;
				CLANG_ANALYZER_NUMBER_OBJECT_CONVERSION = YES_AGGRESSIVE;
				CLANG_CXX_LANGUAGE_STANDARD = "gnu++17";
				CLANG_ENABLE_MODULES = YES;
				CLANG_ENABLE_OBJC_ARC = YES;
				CLANG_ENABLE_OBJC_WEAK = YES;
				CLANG_WARN_BLOCK_CAPTURE_AUTORELEASING = YES;
				CLANG_WARN_BOOL_CONVERSION = YES;
				CLANG_WARN_COMMA = YES;
				CLANG_WARN_CONSTANT_CONVERSION = YES;
				CLANG_WARN_DEPRECATED_OBJC_IMPLEMENTATIONS = YES;
				CLANG_WARN_DIRECT_OBJC_ISA_USAGE = YES_ERROR;
				CLANG_WARN_DOCUMENTATION_COMMENTS = YES;
				CLANG_WARN_EMPTY_BODY = YES;
				CLANG_WARN_ENUM_CONVERSION = YES;
				CLANG_WARN_INFINITE_RECURSION = YES;
				CLANG_WARN_INT_CONVERSION = YES;
				CLANG_WARN_NON_LITERAL_NULL_CONVERSION = YES;
				CLANG_WARN_OBJC_IMPLICIT_RETAIN_SELF = YES;
				CLANG_WARN_OBJC_LITERAL_CONVERSION = YES;
				CLANG_WARN_OBJC_ROOT_CLASS = YES_ERROR;
				CLANG_WARN_QUOTED_INCLUDE_IN_FRAMEWORK_HEADER = YES;
				CLANG_WARN_RANGE_LOOP_ANALYSIS = YES;
				CLANG_WARN_STRICT_PROTOTYPES = YES;
				CLANG_WARN_SUSPICIOUS_MOVE = YES;
				CLANG_WARN_UNGUARDED_AVAILABILITY = YES_AGGRESSIVE;
				CLANG_WARN_UNREACHABLE_CODE = YES;
				CLANG_WARN__DUPLICATE_METHOD_MATCH = YES;
				COPY_PHASE_STRIP = NO;
				DEBUG_INFORMATION_FORMAT = dwarf;
				ENABLE_STRICT_OBJC_MSGSEND = YES;
				ENABLE_TESTABILITY = YES;
				GCC_C_LANGUAGE_STANDARD = gnu11;
				GCC_DYNAMIC_NO_PIC = NO;
				GCC_NO_COMMON_BLOCKS = YES;
				GCC_OPTIMIZATION_LEVEL = 0;
				GCC_PREPROCESSOR_DEFINITIONS = (
					"DEBUG=1",
					"$(inherited)",
				);
				GCC_WARN_64_TO_32_BIT_CONVERSION = YES;
				GCC_WARN_ABOUT_RETURN_TYPE = YES_ERROR;
				GCC_WARN_UNDECLARED_SELECTOR = YES;
				GCC_WARN_UNINITIALIZED_AUTOS = YES_AGGRESSIVE;
				GCC_WARN_UNUSED_FUNCTION = YES;
				GCC_WARN_UNUSED_VARIABLE = YES;
				IPHONEOS_DEPLOYMENT_TARGET = 15.4;
				MTL_ENABLE_DEBUG_INFO = INCLUDE_SOURCE;
				MTL_FAST_MATH = YES;
				ONLY_ACTIVE_ARCH = YES;
				SDKROOT = iphoneos;
				SWIFT_ACTIVE_COMPILATION_CONDITIONS = DEBUG;
				SWIFT_OPTIMIZATION_LEVEL = "-Onone";
			};
			name = Debug;
		};
		3A219D252809D25000CAFD6E /* Release */ = {
			isa = XCBuildConfiguration;
			buildSettings = {
				ALWAYS_SEARCH_USER_PATHS = NO;
				CLANG_ANALYZER_NONNULL = YES;
				CLANG_ANALYZER_NUMBER_OBJECT_CONVERSION = YES_AGGRESSIVE;
				CLANG_CXX_LANGUAGE_STANDARD = "gnu++17";
				CLANG_ENABLE_MODULES = YES;
				CLANG_ENABLE_OBJC_ARC = YES;
				CLANG_ENABLE_OBJC_WEAK = YES;
				CLANG_WARN_BLOCK_CAPTURE_AUTORELEASING = YES;
				CLANG_WARN_BOOL_CONVERSION = YES;
				CLANG_WARN_COMMA = YES;
				CLANG_WARN_CONSTANT_CONVERSION = YES;
				CLANG_WARN_DEPRECATED_OBJC_IMPLEMENTATIONS = YES;
				CLANG_WARN_DIRECT_OBJC_ISA_USAGE = YES_ERROR;
				CLANG_WARN_DOCUMENTATION_COMMENTS = YES;
				CLANG_WARN_EMPTY_BODY = YES;
				CLANG_WARN_ENUM_CONVERSION = YES;
				CLANG_WARN_INFINITE_RECURSION = YES;
				CLANG_WARN_INT_CONVERSION = YES;
				CLANG_WARN_NON_LITERAL_NULL_CONVERSION = YES;
				CLANG_WARN_OBJC_IMPLICIT_RETAIN_SELF = YES;
				CLANG_WARN_OBJC_LITERAL_CONVERSION = YES;
				CLANG_WARN_OBJC_ROOT_CLASS = YES_ERROR;
				CLANG_WARN_QUOTED_INCLUDE_IN_FRAMEWORK_HEADER = YES;
				CLANG_WARN_RANGE_LOOP_ANALYSIS = YES;
				CLANG_WARN_STRICT_PROTOTYPES = YES;
				CLANG_WARN_SUSPICIOUS_MOVE = YES;
				CLANG_WARN_UNGUARDED_AVAILABILITY = YES_AGGRESSIVE;
				CLANG_WARN_UNREACHABLE_CODE = YES;
				CLANG_WARN__DUPLICATE_METHOD_MATCH = YES;
				COPY_PHASE_STRIP = NO;
				DEBUG_INFORMATION_FORMAT = "dwarf-with-dsym";
				ENABLE_NS_ASSERTIONS = NO;
				ENABLE_STRICT_OBJC_MSGSEND = YES;
				GCC_C_LANGUAGE_STANDARD = gnu11;
				GCC_NO_COMMON_BLOCKS = YES;
				GCC_WARN_64_TO_32_BIT_CONVERSION = YES;
				GCC_WARN_ABOUT_RETURN_TYPE = YES_ERROR;
				GCC_WARN_UNDECLARED_SELECTOR = YES;
				GCC_WARN_UNINITIALIZED_AUTOS = YES_AGGRESSIVE;
				GCC_WARN_UNUSED_FUNCTION = YES;
				GCC_WARN_UNUSED_VARIABLE = YES;
				IPHONEOS_DEPLOYMENT_TARGET = 15.4;
				MTL_ENABLE_DEBUG_INFO = NO;
				MTL_FAST_MATH = YES;
				SDKROOT = iphoneos;
				SWIFT_COMPILATION_MODE = wholemodule;
				SWIFT_OPTIMIZATION_LEVEL = "-O";
				VALIDATE_PRODUCT = YES;
			};
			name = Release;
		};
		3A219D272809D25000CAFD6E /* Debug */ = {
			isa = XCBuildConfiguration;
			baseConfigurationReference = 9CC083085BD744DB6C272139 /* Pods-WS-WordsFactory.debug.xcconfig */;
			buildSettings = {
				ASSETCATALOG_COMPILER_APPICON_NAME = AppIcon;
				ASSETCATALOG_COMPILER_GLOBAL_ACCENT_COLOR_NAME = AccentColor;
				CODE_SIGN_STYLE = Automatic;
				CURRENT_PROJECT_VERSION = 1;
				DEVELOPMENT_ASSET_PATHS = "\"WS-WordsFactory/Preview Content\"";
				DEVELOPMENT_TEAM = 73S8J9N7ZU;
				ENABLE_PREVIEWS = YES;
				GENERATE_INFOPLIST_FILE = YES;
				INFOPLIST_FILE = "WS-WordsFactory/Info.plist";
				INFOPLIST_KEY_UIApplicationSceneManifest_Generation = YES;
				INFOPLIST_KEY_UIApplicationSupportsIndirectInputEvents = YES;
				INFOPLIST_KEY_UILaunchStoryboardName = LaunchScreen;
				INFOPLIST_KEY_UISupportedInterfaceOrientations_iPad = "UIInterfaceOrientationPortrait UIInterfaceOrientationPortraitUpsideDown UIInterfaceOrientationLandscapeLeft UIInterfaceOrientationLandscapeRight";
				INFOPLIST_KEY_UISupportedInterfaceOrientations_iPhone = "UIInterfaceOrientationPortrait UIInterfaceOrientationLandscapeLeft UIInterfaceOrientationLandscapeRight";
				LD_RUNPATH_SEARCH_PATHS = (
					"$(inherited)",
					"@executable_path/Frameworks",
				);
				MARKETING_VERSION = 1.0;
				PRODUCT_BUNDLE_IDENTIFIER = "KriDan.WS-WordsFactory";
				PRODUCT_NAME = "$(TARGET_NAME)";
				SWIFT_EMIT_LOC_STRINGS = YES;
				SWIFT_VERSION = 5.0;
				TARGETED_DEVICE_FAMILY = "1,2";
			};
			name = Debug;
		};
		3A219D282809D25000CAFD6E /* Release */ = {
			isa = XCBuildConfiguration;
			baseConfigurationReference = 446BA776BCD54E4847D1C6C4 /* Pods-WS-WordsFactory.release.xcconfig */;
			buildSettings = {
				ASSETCATALOG_COMPILER_APPICON_NAME = AppIcon;
				ASSETCATALOG_COMPILER_GLOBAL_ACCENT_COLOR_NAME = AccentColor;
				CODE_SIGN_STYLE = Automatic;
				CURRENT_PROJECT_VERSION = 1;
				DEVELOPMENT_ASSET_PATHS = "\"WS-WordsFactory/Preview Content\"";
				DEVELOPMENT_TEAM = 73S8J9N7ZU;
				ENABLE_PREVIEWS = YES;
				GENERATE_INFOPLIST_FILE = YES;
				INFOPLIST_FILE = "WS-WordsFactory/Info.plist";
				INFOPLIST_KEY_UIApplicationSceneManifest_Generation = YES;
				INFOPLIST_KEY_UIApplicationSupportsIndirectInputEvents = YES;
				INFOPLIST_KEY_UILaunchStoryboardName = LaunchScreen;
				INFOPLIST_KEY_UISupportedInterfaceOrientations_iPad = "UIInterfaceOrientationPortrait UIInterfaceOrientationPortraitUpsideDown UIInterfaceOrientationLandscapeLeft UIInterfaceOrientationLandscapeRight";
				INFOPLIST_KEY_UISupportedInterfaceOrientations_iPhone = "UIInterfaceOrientationPortrait UIInterfaceOrientationLandscapeLeft UIInterfaceOrientationLandscapeRight";
				LD_RUNPATH_SEARCH_PATHS = (
					"$(inherited)",
					"@executable_path/Frameworks",
				);
				MARKETING_VERSION = 1.0;
				PRODUCT_BUNDLE_IDENTIFIER = "KriDan.WS-WordsFactory";
				PRODUCT_NAME = "$(TARGET_NAME)";
				SWIFT_EMIT_LOC_STRINGS = YES;
				SWIFT_VERSION = 5.0;
				TARGETED_DEVICE_FAMILY = "1,2";
			};
			name = Release;
		};
/* End XCBuildConfiguration section */

/* Begin XCConfigurationList section */
		3A219D132809D24F00CAFD6E /* Build configuration list for PBXProject "WS-WordsFactory" */ = {
			isa = XCConfigurationList;
			buildConfigurations = (
				3A219D242809D25000CAFD6E /* Debug */,
				3A219D252809D25000CAFD6E /* Release */,
			);
			defaultConfigurationIsVisible = 0;
			defaultConfigurationName = Release;
		};
		3A219D262809D25000CAFD6E /* Build configuration list for PBXNativeTarget "WS-WordsFactory" */ = {
			isa = XCConfigurationList;
			buildConfigurations = (
				3A219D272809D25000CAFD6E /* Debug */,
				3A219D282809D25000CAFD6E /* Release */,
			);
			defaultConfigurationIsVisible = 0;
			defaultConfigurationName = Release;
		};
/* End XCConfigurationList section */
	};
	rootObject = 3A219D102809D24F00CAFD6E /* Project object */;
}
